
Microsoft Visual Studio Solution File, Format Version 12.00
# Visual Studio Version 17
VisualStudioVersion = 17.0.31912.275
MinimumVisualStudioVersion = 10.0.40219.1
Project("{9A19103F-16F7-4668-BE54-9A1E7A4F7556}") = "AOC2021_Day1", "AOC2021_Day1\AOC2021_Day1.csproj", "{9F7B6829-46E2-4082-AF62-B666782B392E}"
EndProject
Project("{9A19103F-16F7-4668-BE54-9A1E7A4F7556}") = "AOC2021_Day2", "AOC2021_Day2\AOC2021_Day2.csproj", "{C946DEB5-C305-414D-AFFE-76A621B2602C}"
EndProject
Project("{9A19103F-16F7-4668-BE54-9A1E7A4F7556}") = "AOC2021_Day3", "AOC2021_Day3\AOC2021_Day3.csproj", "{924AF37A-2E02-4540-AD70-873F95C3BCC0}"
EndProject
Project("{9A19103F-16F7-4668-BE54-9A1E7A4F7556}") = "AOC2021_Day4", "AOC2021_Day4\AOC2021_Day4.csproj", "{E4C09005-5B06-4246-939A-E765FBEB3FA3}"
EndProject
Project("{9A19103F-16F7-4668-BE54-9A1E7A4F7556}") = "AOC2021_Day6", "AOC2021_Day6\AOC2021_Day6.csproj", "{51741A0E-0C0A-4582-B1FA-AA47A0190F3A}"
EndProject
Project("{9A19103F-16F7-4668-BE54-9A1E7A4F7556}") = "AOC2021_Day5", "AOC2021_Day5\AOC2021_Day5.csproj", "{DB159022-3713-4692-A868-5D43D29F81F8}"
EndProject
Project("{9A19103F-16F7-4668-BE54-9A1E7A4F7556}") = "AOC2021_Day7", "AOC2021_Day7\AOC2021_Day7.csproj", "{B6CDC170-66E9-42E8-B5F2-51877D4F2F2F}"
EndProject
Project("{9A19103F-16F7-4668-BE54-9A1E7A4F7556}") = "AOC2021_Day8", "AOC2021_Day8\AOC2021_Day8.csproj", "{4869E9B8-603C-4F74-A969-B82816A84599}"
EndProject
Project("{9A19103F-16F7-4668-BE54-9A1E7A4F7556}") = "AOC2021_Day9", "AOC2021_Day9\AOC2021_Day9.csproj", "{9655C10F-BB9B-449B-ADE7-AF1846350670}"
EndProject
Project("{9A19103F-16F7-4668-BE54-9A1E7A4F7556}") = "AOC2021_Day_10", "AOC2021_Day_10\AOC2021_Day_10.csproj", "{51C8AB2F-B88C-4B88-99C5-4ABEBD4E6B2D}"
EndProject
Project("{9A19103F-16F7-4668-BE54-9A1E7A4F7556}") = "AOC2021_Day_11", "AOC2021_Day_11\AOC2021_Day_11.csproj", "{67E472D1-D0C3-429B-B73C-73372132E0B9}"
EndProject
Project("{9A19103F-16F7-4668-BE54-9A1E7A4F7556}") = "AOC2021_Day_13", "AOC2021_Day_13\AOC2021_Day_13.csproj", "{1B36CAF9-31CC-4541-965C-9183B12E23DC}"
EndProject
Project("{9A19103F-16F7-4668-BE54-9A1E7A4F7556}") = "AOC2021_Day_12", "AOC_Day_12\AOC2021_Day_12.csproj", "{48CE293B-B794-469D-98FD-6F944567AB6D}"
EndProject
Global
	GlobalSection(SolutionConfigurationPlatforms) = preSolution
		Debug|Any CPU = Debug|Any CPU
		Release|Any CPU = Release|Any CPU
	EndGlobalSection
	GlobalSection(ProjectConfigurationPlatforms) = postSolution
		{9F7B6829-46E2-4082-AF62-B666782B392E}.Debug|Any CPU.ActiveCfg = Debug|Any CPU
		{9F7B6829-46E2-4082-AF62-B666782B392E}.Debug|Any CPU.Build.0 = Debug|Any CPU
		{9F7B6829-46E2-4082-AF62-B666782B392E}.Release|Any CPU.ActiveCfg = Release|Any CPU
		{9F7B6829-46E2-4082-AF62-B666782B392E}.Release|Any CPU.Build.0 = Release|Any CPU
		{C946DEB5-C305-414D-AFFE-76A621B2602C}.Debug|Any CPU.ActiveCfg = Debug|Any CPU
		{C946DEB5-C305-414D-AFFE-76A621B2602C}.Debug|Any CPU.Build.0 = Debug|Any CPU
		{C946DEB5-C305-414D-AFFE-76A621B2602C}.Release|Any CPU.ActiveCfg = Release|Any CPU
		{C946DEB5-C305-414D-AFFE-76A621B2602C}.Release|Any CPU.Build.0 = Release|Any CPU
		{924AF37A-2E02-4540-AD70-873F95C3BCC0}.Debug|Any CPU.ActiveCfg = Debug|Any CPU
		{924AF37A-2E02-4540-AD70-873F95C3BCC0}.Debug|Any CPU.Build.0 = Debug|Any CPU
		{924AF37A-2E02-4540-AD70-873F95C3BCC0}.Release|Any CPU.ActiveCfg = Release|Any CPU
		{924AF37A-2E02-4540-AD70-873F95C3BCC0}.Release|Any CPU.Build.0 = Release|Any CPU
		{E4C09005-5B06-4246-939A-E765FBEB3FA3}.Debug|Any CPU.ActiveCfg = Debug|Any CPU
		{E4C09005-5B06-4246-939A-E765FBEB3FA3}.Debug|Any CPU.Build.0 = Debug|Any CPU
		{E4C09005-5B06-4246-939A-E765FBEB3FA3}.Release|Any CPU.ActiveCfg = Release|Any CPU
		{E4C09005-5B06-4246-939A-E765FBEB3FA3}.Release|Any CPU.Build.0 = Release|Any CPU
		{51741A0E-0C0A-4582-B1FA-AA47A0190F3A}.Debug|Any CPU.ActiveCfg = Debug|Any CPU
		{51741A0E-0C0A-4582-B1FA-AA47A0190F3A}.Debug|Any CPU.Build.0 = Debug|Any CPU
		{51741A0E-0C0A-4582-B1FA-AA47A0190F3A}.Release|Any CPU.ActiveCfg = Release|Any CPU
		{51741A0E-0C0A-4582-B1FA-AA47A0190F3A}.Release|Any CPU.Build.0 = Release|Any CPU
		{DB159022-3713-4692-A868-5D43D29F81F8}.Debug|Any CPU.ActiveCfg = Debug|Any CPU
		{DB159022-3713-4692-A868-5D43D29F81F8}.Debug|Any CPU.Build.0 = Debug|Any CPU
		{DB159022-3713-4692-A868-5D43D29F81F8}.Release|Any CPU.ActiveCfg = Release|Any CPU
		{DB159022-3713-4692-A868-5D43D29F81F8}.Release|Any CPU.Build.0 = Release|Any CPU
		{B6CDC170-66E9-42E8-B5F2-51877D4F2F2F}.Debug|Any CPU.ActiveCfg = Debug|Any CPU
		{B6CDC170-66E9-42E8-B5F2-51877D4F2F2F}.Debug|Any CPU.Build.0 = Debug|Any CPU
		{B6CDC170-66E9-42E8-B5F2-51877D4F2F2F}.Release|Any CPU.ActiveCfg = Release|Any CPU
		{B6CDC170-66E9-42E8-B5F2-51877D4F2F2F}.Release|Any CPU.Build.0 = Release|Any CPU
		{4869E9B8-603C-4F74-A969-B82816A84599}.Debug|Any CPU.ActiveCfg = Debug|Any CPU
		{4869E9B8-603C-4F74-A969-B82816A84599}.Debug|Any CPU.Build.0 = Debug|Any CPU
		{4869E9B8-603C-4F74-A969-B82816A84599}.Release|Any CPU.ActiveCfg = Release|Any CPU
		{4869E9B8-603C-4F74-A969-B82816A84599}.Release|Any CPU.Build.0 = Release|Any CPU
		{9655C10F-BB9B-449B-ADE7-AF1846350670}.Debug|Any CPU.ActiveCfg = Debug|Any CPU
		{9655C10F-BB9B-449B-ADE7-AF1846350670}.Debug|Any CPU.Build.0 = Debug|Any CPU
		{9655C10F-BB9B-449B-ADE7-AF1846350670}.Release|Any CPU.ActiveCfg = Release|Any CPU
		{9655C10F-BB9B-449B-ADE7-AF1846350670}.Release|Any CPU.Build.0 = Release|Any CPU
		{51C8AB2F-B88C-4B88-99C5-4ABEBD4E6B2D}.Debug|Any CPU.ActiveCfg = Debug|Any CPU
		{51C8AB2F-B88C-4B88-99C5-4ABEBD4E6B2D}.Debug|Any CPU.Build.0 = Debug|Any CPU
		{51C8AB2F-B88C-4B88-99C5-4ABEBD4E6B2D}.Release|Any CPU.ActiveCfg = Release|Any CPU
		{51C8AB2F-B88C-4B88-99C5-4ABEBD4E6B2D}.Release|Any CPU.Build.0 = Release|Any CPU
		{67E472D1-D0C3-429B-B73C-73372132E0B9}.Debug|Any CPU.ActiveCfg = Debug|Any CPU
		{67E472D1-D0C3-429B-B73C-73372132E0B9}.Debug|Any CPU.Build.0 = Debug|Any CPU
		{67E472D1-D0C3-429B-B73C-73372132E0B9}.Release|Any CPU.ActiveCfg = Release|Any CPU
		{67E472D1-D0C3-429B-B73C-73372132E0B9}.Release|Any CPU.Build.0 = Release|Any CPU
		{1B36CAF9-31CC-4541-965C-9183B12E23DC}.Debug|Any CPU.ActiveCfg = Debug|Any CPU
		{1B36CAF9-31CC-4541-965C-9183B12E23DC}.Debug|Any CPU.Build.0 = Debug|Any CPU
		{1B36CAF9-31CC-4541-965C-9183B12E23DC}.Release|Any CPU.ActiveCfg = Release|Any CPU
		{1B36CAF9-31CC-4541-965C-9183B12E23DC}.Release|Any CPU.Build.0 = Release|Any CPU
		{48CE293B-B794-469D-98FD-6F944567AB6D}.Debug|Any CPU.ActiveCfg = Debug|Any CPU
		{48CE293B-B794-469D-98FD-6F944567AB6D}.Debug|Any CPU.Build.0 = Debug|Any CPU
		{48CE293B-B794-469D-98FD-6F944567AB6D}.Release|Any CPU.ActiveCfg = Release|Any CPU
		{48CE293B-B794-469D-98FD-6F944567AB6D}.Release|Any CPU.Build.0 = Release|Any CPU
	EndGlobalSection
	GlobalSection(SolutionProperties) = preSolution
		HideSolutionNode = FALSE
	EndGlobalSection
	GlobalSection(ExtensibilityGlobals) = postSolution
		SolutionGuid = {C9AE091A-A558-4231-B1A7-ED5BBBB58A38}
	EndGlobalSection
EndGlobal
