
Microsoft Visual Studio Solution File, Format Version 12.00
# Visual Studio Version 17
VisualStudioVersion = 17.0.31912.275
MinimumVisualStudioVersion = 10.0.40219.1
Project("{9A19103F-16F7-4668-BE54-9A1E7A4F7556}") = "AOC2021_Day1", "AOC2021_Day1\AOC2021_Day1.csproj", "{9F7B6829-46E2-4082-AF62-B666782B392E}"
EndProject
Project("{9A19103F-16F7-4668-BE54-9A1E7A4F7556}") = "AOC2021_Day2", "AOC2021_Day2\AOC2021_Day2.csproj", "{C946DEB5-C305-414D-AFFE-76A621B2602C}"
EndProject
Project("{9A19103F-16F7-4668-BE54-9A1E7A4F7556}") = "AOC2021_Day3", "AOC2021_Day3\AOC2021_Day3.csproj", "{924AF37A-2E02-4540-AD70-873F95C3BCC0}"
EndProject
Project("{FAE04EC0-301F-11D3-BF4B-00C04F79EFBC}") = "AOC2021_Day4", "AOC2021_Day4\AOC2021_Day4.csproj", "{E4C09005-5B06-4246-939A-E765FBEB3FA3}"
EndProject
Global
	GlobalSection(SolutionConfigurationPlatforms) = preSolution
		Debug|Any CPU = Debug|Any CPU
		Release|Any CPU = Release|Any CPU
	EndGlobalSection
	GlobalSection(ProjectConfigurationPlatforms) = postSolution
		{9F7B6829-46E2-4082-AF62-B666782B392E}.Debug|Any CPU.ActiveCfg = Debug|Any CPU
		{9F7B6829-46E2-4082-AF62-B666782B392E}.Debug|Any CPU.Build.0 = Debug|Any CPU
		{9F7B6829-46E2-4082-AF62-B666782B392E}.Release|Any CPU.ActiveCfg = Release|Any CPU
		{9F7B6829-46E2-4082-AF62-B666782B392E}.Release|Any CPU.Build.0 = Release|Any CPU
		{C946DEB5-C305-414D-AFFE-76A621B2602C}.Debug|Any CPU.ActiveCfg = Debug|Any CPU
		{C946DEB5-C305-414D-AFFE-76A621B2602C}.Debug|Any CPU.Build.0 = Debug|Any CPU
		{C946DEB5-C305-414D-AFFE-76A621B2602C}.Release|Any CPU.ActiveCfg = Release|Any CPU
		{C946DEB5-C305-414D-AFFE-76A621B2602C}.Release|Any CPU.Build.0 = Release|Any CPU
		{924AF37A-2E02-4540-AD70-873F95C3BCC0}.Debug|Any CPU.ActiveCfg = Debug|Any CPU
		{924AF37A-2E02-4540-AD70-873F95C3BCC0}.Debug|Any CPU.Build.0 = Debug|Any CPU
		{924AF37A-2E02-4540-AD70-873F95C3BCC0}.Release|Any CPU.ActiveCfg = Release|Any CPU
		{924AF37A-2E02-4540-AD70-873F95C3BCC0}.Release|Any CPU.Build.0 = Release|Any CPU
		{E4C09005-5B06-4246-939A-E765FBEB3FA3}.Debug|Any CPU.ActiveCfg = Debug|Any CPU
		{E4C09005-5B06-4246-939A-E765FBEB3FA3}.Debug|Any CPU.Build.0 = Debug|Any CPU
		{E4C09005-5B06-4246-939A-E765FBEB3FA3}.Release|Any CPU.ActiveCfg = Release|Any CPU
		{E4C09005-5B06-4246-939A-E765FBEB3FA3}.Release|Any CPU.Build.0 = Release|Any CPU
	EndGlobalSection
	GlobalSection(SolutionProperties) = preSolution
		HideSolutionNode = FALSE
	EndGlobalSection
	GlobalSection(ExtensibilityGlobals) = postSolution
		SolutionGuid = {C9AE091A-A558-4231-B1A7-ED5BBBB58A38}
	EndGlobalSection
EndGlobal
